// !$*UTF8*$!
{
	archiveVersion = 1;
	classes = {
	};
	objectVersion = 46;
	objects = {

/* Begin PBXBuildFile section */
		973614F21A9C3743001D26CB /* main.swift in Sources */ = {isa = PBXBuildFile; fileRef = 973614F11A9C3743001D26CB /* main.swift */; };
		EC13D2FB1A9D916600A70F63 /* AssemblyCommand.swift in Sources */ = {isa = PBXBuildFile; fileRef = EC13D2FA1A9D916600A70F63 /* AssemblyCommand.swift */; };
		EC407A8C1A9C7678006FDDC0 /* AssemblyParser.swift in Sources */ = {isa = PBXBuildFile; fileRef = EC407A8B1A9C7678006FDDC0 /* AssemblyParser.swift */; };
/* End PBXBuildFile section */

/* Begin PBXCopyFilesBuildPhase section */
		973614EC1A9C3743001D26CB /* CopyFiles */ = {
			isa = PBXCopyFilesBuildPhase;
			buildActionMask = 2147483647;
			dstPath = /usr/share/man/man1/;
			dstSubfolderSpec = 0;
			files = (
			);
			runOnlyForDeploymentPostprocessing = 1;
		};
/* End PBXCopyFilesBuildPhase section */

/* Begin PBXFileReference section */
		973614EE1A9C3743001D26CB /* Hack */ = {isa = PBXFileReference; explicitFileType = "compiled.mach-o.executable"; includeInIndex = 0; path = Hack; sourceTree = BUILT_PRODUCTS_DIR; };
		973614F11A9C3743001D26CB /* main.swift */ = {isa = PBXFileReference; lastKnownFileType = sourcecode.swift; path = main.swift; sourceTree = "<group>"; };
		EC13D2FA1A9D916600A70F63 /* AssemblyCommand.swift */ = {isa = PBXFileReference; fileEncoding = 4; lastKnownFileType = sourcecode.swift; path = AssemblyCommand.swift; sourceTree = "<group>"; };
		EC407A8B1A9C7678006FDDC0 /* AssemblyParser.swift */ = {isa = PBXFileReference; fileEncoding = 4; lastKnownFileType = sourcecode.swift; path = AssemblyParser.swift; sourceTree = "<group>"; };
		EC407A8D1A9C7785006FDDC0 /* Makefile */ = {isa = PBXFileReference; fileEncoding = 4; lastKnownFileType = sourcecode.make; path = Makefile; sourceTree = "<group>"; };
/* End PBXFileReference section */

/* Begin PBXFrameworksBuildPhase section */
		973614EB1A9C3743001D26CB /* Frameworks */ = {
			isa = PBXFrameworksBuildPhase;
			buildActionMask = 2147483647;
			files = (
			);
			runOnlyForDeploymentPostprocessing = 0;
		};
/* End PBXFrameworksBuildPhase section */

/* Begin PBXGroup section */
		973614E51A9C3743001D26CB = {
			isa = PBXGroup;
			children = (
				973614F01A9C3743001D26CB /* JackSwift */,
				973614EF1A9C3743001D26CB /* Products */,
			);
			indentWidth = 2;
			sourceTree = "<group>";
			tabWidth = 2;
		};
		973614EF1A9C3743001D26CB /* Products */ = {
			isa = PBXGroup;
			children = (
				973614EE1A9C3743001D26CB /* Hack */,
			);
			name = Products;
			sourceTree = "<group>";
		};
		973614F01A9C3743001D26CB /* JackSwift */ = {
			isa = PBXGroup;
			children = (
				EC407A8D1A9C7785006FDDC0 /* Makefile */,
				973614F11A9C3743001D26CB /* main.swift */,
				EC407A8B1A9C7678006FDDC0 /* AssemblyParser.swift */,
				EC13D2FA1A9D916600A70F63 /* AssemblyCommand.swift */,
			);
			path = JackSwift;
			sourceTree = "<group>";
		};
/* End PBXGroup section */

/* Begin PBXNativeTarget section */
		973614ED1A9C3743001D26CB /* Hack */ = {
			isa = PBXNativeTarget;
			buildConfigurationList = 973614F51A9C3743001D26CB /* Build configuration list for PBXNativeTarget "Hack" */;
			buildPhases = (
				973614EA1A9C3743001D26CB /* Sources */,
				973614EB1A9C3743001D26CB /* Frameworks */,
				973614EC1A9C3743001D26CB /* CopyFiles */,
			);
			buildRules = (
			);
			dependencies = (
			);
			name = Hack;
			productName = Hack;
			productReference = 973614EE1A9C3743001D26CB /* Hack */;
			productType = "com.apple.product-type.tool";
		};
/* End PBXNativeTarget section */

/* Begin PBXProject section */
		973614E61A9C3743001D26CB /* Project object */ = {
			isa = PBXProject;
			attributes = {
				LastUpgradeCheck = 0610;
				ORGANIZATIONNAME = "Robert Gravina";
				TargetAttributes = {
					973614ED1A9C3743001D26CB = {
						CreatedOnToolsVersion = 6.1.1;
					};
				};
			};
			buildConfigurationList = 973614E91A9C3743001D26CB /* Build configuration list for PBXProject "JackSwift" */;
			compatibilityVersion = "Xcode 3.2";
			developmentRegion = English;
			hasScannedForEncodings = 0;
			knownRegions = (
				en,
			);
			mainGroup = 973614E51A9C3743001D26CB;
			productRefGroup = 973614EF1A9C3743001D26CB /* Products */;
			projectDirPath = "";
			projectRoot = "";
			targets = (
				973614ED1A9C3743001D26CB /* Hack */,
			);
		};
/* End PBXProject section */

/* Begin PBXSourcesBuildPhase section */
		973614EA1A9C3743001D26CB /* Sources */ = {
			isa = PBXSourcesBuildPhase;
			buildActionMask = 2147483647;
			files = (
				EC407A8C1A9C7678006FDDC0 /* AssemblyParser.swift in Sources */,
				973614F21A9C3743001D26CB /* main.swift in Sources */,
				EC13D2FB1A9D916600A70F63 /* AssemblyCommand.swift in Sources */,
			);
			runOnlyForDeploymentPostprocessing = 0;
		};
/* End PBXSourcesBuildPhase section */

/* Begin XCBuildConfiguration section */
		973614F31A9C3743001D26CB /* Debug */ = {
			isa = XCBuildConfiguration;
			buildSettings = {
				ALWAYS_SEARCH_USER_PATHS = NO;
				CLANG_CXX_LANGUAGE_STANDARD = "gnu++0x";
				CLANG_CXX_LIBRARY = "libc++";
				CLANG_ENABLE_MODULES = YES;
				CLANG_ENABLE_OBJC_ARC = YES;
				CLANG_WARN_BOOL_CONVERSION = YES;
				CLANG_WARN_CONSTANT_CONVERSION = YES;
				CLANG_WARN_DIRECT_OBJC_ISA_USAGE = YES_ERROR;
				CLANG_WARN_EMPTY_BODY = YES;
				CLANG_WARN_ENUM_CONVERSION = YES;
				CLANG_WARN_INT_CONVERSION = YES;
				CLANG_WARN_OBJC_ROOT_CLASS = YES_ERROR;
				CLANG_WARN_UNREACHABLE_CODE = YES;
				CLANG_WARN__DUPLICATE_METHOD_MATCH = YES;
				COPY_PHASE_STRIP = NO;
				ENABLE_STRICT_OBJC_MSGSEND = YES;
				GCC_C_LANGUAGE_STANDARD = gnu99;
				GCC_DYNAMIC_NO_PIC = NO;
				GCC_OPTIMIZATION_LEVEL = 0;
				GCC_PREPROCESSOR_DEFINITIONS = (
					"DEBUG=1",
					"$(inherited)",
				);
				GCC_SYMBOLS_PRIVATE_EXTERN = NO;
				GCC_WARN_64_TO_32_BIT_CONVERSION = YES;
				GCC_WARN_ABOUT_RETURN_TYPE = YES_ERROR;
				GCC_WARN_UNDECLARED_SELECTOR = YES;
				GCC_WARN_UNINITIALIZED_AUTOS = YES_AGGRESSIVE;
				GCC_WARN_UNUSED_FUNCTION = YES;
				GCC_WARN_UNUSED_VARIABLE = YES;
				MACOSX_DEPLOYMENT_TARGET = 10.10;
				MTL_ENABLE_DEBUG_INFO = YES;
				ONLY_ACTIVE_ARCH = YES;
				SDKROOT = macosx;
				SWIFT_OPTIMIZATION_LEVEL = "-Onone";
			};
			name = Debug;
		};
		973614F41A9C3743001D26CB /* Release */ = {
			isa = XCBuildConfiguration;
			buildSettings = {
				ALWAYS_SEARCH_USER_PATHS = NO;
				CLANG_CXX_LANGUAGE_STANDARD = "gnu++0x";
				CLANG_CXX_LIBRARY = "libc++";
				CLANG_ENABLE_MODULES = YES;
				CLANG_ENABLE_OBJC_ARC = YES;
				CLANG_WARN_BOOL_CONVERSION = YES;
				CLANG_WARN_CONSTANT_CONVERSION = YES;
				CLANG_WARN_DIRECT_OBJC_ISA_USAGE = YES_ERROR;
				CLANG_WARN_EMPTY_BODY = YES;
				CLANG_WARN_ENUM_CONVERSION = YES;
				CLANG_WARN_INT_CONVERSION = YES;
				CLANG_WARN_OBJC_ROOT_CLASS = YES_ERROR;
				CLANG_WARN_UNREACHABLE_CODE = YES;
				CLANG_WARN__DUPLICATE_METHOD_MATCH = YES;
				COPY_PHASE_STRIP = YES;
				DEBUG_INFORMATION_FORMAT = "dwarf-with-dsym";
				ENABLE_NS_ASSERTIONS = NO;
				ENABLE_STRICT_OBJC_MSGSEND = YES;
				GCC_C_LANGUAGE_STANDARD = gnu99;
				GCC_WARN_64_TO_32_BIT_CONVERSION = YES;
				GCC_WARN_ABOUT_RETURN_TYPE = YES_ERROR;
				GCC_WARN_UNDECLARED_SELECTOR = YES;
				GCC_WARN_UNINITIALIZED_AUTOS = YES_AGGRESSIVE;
				GCC_WARN_UNUSED_FUNCTION = YES;
				GCC_WARN_UNUSED_VARIABLE = YES;
				MACOSX_DEPLOYMENT_TARGET = 10.10;
				MTL_ENABLE_DEBUG_INFO = NO;
				SDKROOT = macosx;
			};
			name = Release;
		};
		973614F61A9C3743001D26CB /* Debug */ = {
			isa = XCBuildConfiguration;
			buildSettings = {
				PRODUCT_NAME = "$(TARGET_NAME)";
			};
			name = Debug;
		};
		973614F71A9C3743001D26CB /* Release */ = {
			isa = XCBuildConfiguration;
			buildSettings = {
				PRODUCT_NAME = "$(TARGET_NAME)";
			};
			name = Release;
		};
/* End XCBuildConfiguration section */

/* Begin XCConfigurationList section */
		973614E91A9C3743001D26CB /* Build configuration list for PBXProject "JackSwift" */ = {
			isa = XCConfigurationList;
			buildConfigurations = (
				973614F31A9C3743001D26CB /* Debug */,
				973614F41A9C3743001D26CB /* Release */,
			);
			defaultConfigurationIsVisible = 0;
			defaultConfigurationName = Release;
		};
		973614F51A9C3743001D26CB /* Build configuration list for PBXNativeTarget "Hack" */ = {
			isa = XCConfigurationList;
			buildConfigurations = (
				973614F61A9C3743001D26CB /* Debug */,
				973614F71A9C3743001D26CB /* Release */,
			);
			defaultConfigurationIsVisible = 0;
			defaultConfigurationName = Release;
		};
/* End XCConfigurationList section */
	};
	rootObject = 973614E61A9C3743001D26CB /* Project object */;
}
