// !$*UTF8*$!
{
	archiveVersion = 1;
	classes = {
	};
	objectVersion = 46;
	objects = {

/* Begin PBXBuildFile section */
		973614F21A9C3743001D26CB /* main.swift in Sources */ = {isa = PBXBuildFile; fileRef = 973614F11A9C3743001D26CB /* main.swift */; };
		9752A7491AE3517700720127 /* JackTest.swift in Sources */ = {isa = PBXBuildFile; fileRef = 9752A7481AE3517700720127 /* JackTest.swift */; };
		9752A74F1AE3525C00720127 /* Nimble.framework in Frameworks */ = {isa = PBXBuildFile; fileRef = 9752A74D1AE3525C00720127 /* Nimble.framework */; };
		9752A7501AE3525C00720127 /* Quick.framework in Frameworks */ = {isa = PBXBuildFile; fileRef = 9752A74E1AE3525C00720127 /* Quick.framework */; };
		9752A7521AE3543200720127 /* Quick.framework in CopyFiles */ = {isa = PBXBuildFile; fileRef = 9752A74E1AE3525C00720127 /* Quick.framework */; settings = {ATTRIBUTES = (CodeSignOnCopy, RemoveHeadersOnCopy, ); }; };
		9752A7531AE3543800720127 /* Nimble.framework in CopyFiles */ = {isa = PBXBuildFile; fileRef = 9752A74D1AE3525C00720127 /* Nimble.framework */; settings = {ATTRIBUTES = (CodeSignOnCopy, RemoveHeadersOnCopy, ); }; };
		97DE8E271AC7E95600A0D251 /* Extensions.swift in Sources */ = {isa = PBXBuildFile; fileRef = 97DE8E261AC7E95600A0D251 /* Extensions.swift */; };
		97DE8E291AC818F500A0D251 /* VirtualMachineParser.swift in Sources */ = {isa = PBXBuildFile; fileRef = 97DE8E281AC818F500A0D251 /* VirtualMachineParser.swift */; };
		97DE8E2B1AC8191000A0D251 /* VirtualMachineCommand.swift in Sources */ = {isa = PBXBuildFile; fileRef = 97DE8E2A1AC8191000A0D251 /* VirtualMachineCommand.swift */; };
		EC13D2FB1A9D916600A70F63 /* AssemblyCommand.swift in Sources */ = {isa = PBXBuildFile; fileRef = EC13D2FA1A9D916600A70F63 /* AssemblyCommand.swift */; };
		EC407A8C1A9C7678006FDDC0 /* AssemblyParser.swift in Sources */ = {isa = PBXBuildFile; fileRef = EC407A8B1A9C7678006FDDC0 /* AssemblyParser.swift */; };
/* End PBXBuildFile section */

/* Begin PBXCopyFilesBuildPhase section */
		973614EC1A9C3743001D26CB /* CopyFiles */ = {
			isa = PBXCopyFilesBuildPhase;
			buildActionMask = 2147483647;
			dstPath = /usr/share/man/man1/;
			dstSubfolderSpec = 0;
			files = (
			);
			runOnlyForDeploymentPostprocessing = 1;
		};
		9752A7511AE3542200720127 /* CopyFiles */ = {
			isa = PBXCopyFilesBuildPhase;
			buildActionMask = 2147483647;
			dstPath = "";
			dstSubfolderSpec = 10;
			files = (
				9752A7531AE3543800720127 /* Nimble.framework in CopyFiles */,
				9752A7521AE3543200720127 /* Quick.framework in CopyFiles */,
			);
			runOnlyForDeploymentPostprocessing = 0;
		};
/* End PBXCopyFilesBuildPhase section */

/* Begin PBXFileReference section */
		9718F2571ADE06D200E4B0FD /* Readme.mkd */ = {isa = PBXFileReference; lastKnownFileType = text; path = Readme.mkd; sourceTree = "<group>"; };
		9718F2581ADE072400E4B0FD /* Todo.mkd */ = {isa = PBXFileReference; fileEncoding = 4; lastKnownFileType = text; path = Todo.mkd; sourceTree = "<group>"; };
		973614EE1A9C3743001D26CB /* Jack */ = {isa = PBXFileReference; explicitFileType = "compiled.mach-o.executable"; includeInIndex = 0; path = Jack; sourceTree = BUILT_PRODUCTS_DIR; };
		973614F11A9C3743001D26CB /* main.swift */ = {isa = PBXFileReference; lastKnownFileType = sourcecode.swift; path = main.swift; sourceTree = "<group>"; };
		9752A7441AE3517700720127 /* JackTest.xctest */ = {isa = PBXFileReference; explicitFileType = wrapper.cfbundle; includeInIndex = 0; path = JackTest.xctest; sourceTree = BUILT_PRODUCTS_DIR; };
		9752A7471AE3517700720127 /* Info.plist */ = {isa = PBXFileReference; lastKnownFileType = text.plist.xml; path = Info.plist; sourceTree = "<group>"; };
		9752A7481AE3517700720127 /* JackTest.swift */ = {isa = PBXFileReference; lastKnownFileType = sourcecode.swift; path = JackTest.swift; sourceTree = "<group>"; };
		9752A74D1AE3525C00720127 /* Nimble.framework */ = {isa = PBXFileReference; lastKnownFileType = wrapper.framework; path = Nimble.framework; sourceTree = "<group>"; };
		9752A74E1AE3525C00720127 /* Quick.framework */ = {isa = PBXFileReference; lastKnownFileType = wrapper.framework; path = Quick.framework; sourceTree = "<group>"; };
		97DE8E261AC7E95600A0D251 /* Extensions.swift */ = {isa = PBXFileReference; fileEncoding = 4; lastKnownFileType = sourcecode.swift; path = Extensions.swift; sourceTree = "<group>"; };
		97DE8E281AC818F500A0D251 /* VirtualMachineParser.swift */ = {isa = PBXFileReference; fileEncoding = 4; lastKnownFileType = sourcecode.swift; path = VirtualMachineParser.swift; sourceTree = "<group>"; };
		97DE8E2A1AC8191000A0D251 /* VirtualMachineCommand.swift */ = {isa = PBXFileReference; fileEncoding = 4; lastKnownFileType = sourcecode.swift; path = VirtualMachineCommand.swift; sourceTree = "<group>"; };
		EC13D2FA1A9D916600A70F63 /* AssemblyCommand.swift */ = {isa = PBXFileReference; fileEncoding = 4; lastKnownFileType = sourcecode.swift; path = AssemblyCommand.swift; sourceTree = "<group>"; };
		EC407A8B1A9C7678006FDDC0 /* AssemblyParser.swift */ = {isa = PBXFileReference; fileEncoding = 4; lastKnownFileType = sourcecode.swift; path = AssemblyParser.swift; sourceTree = "<group>"; };
		EC407A8D1A9C7785006FDDC0 /* Makefile */ = {isa = PBXFileReference; fileEncoding = 4; lastKnownFileType = sourcecode.make; path = Makefile; sourceTree = "<group>"; };
/* End PBXFileReference section */

/* Begin PBXFrameworksBuildPhase section */
		973614EB1A9C3743001D26CB /* Frameworks */ = {
			isa = PBXFrameworksBuildPhase;
			buildActionMask = 2147483647;
			files = (
			);
			runOnlyForDeploymentPostprocessing = 0;
		};
		9752A7411AE3517700720127 /* Frameworks */ = {
			isa = PBXFrameworksBuildPhase;
			buildActionMask = 2147483647;
			files = (
				9752A7501AE3525C00720127 /* Quick.framework in Frameworks */,
				9752A74F1AE3525C00720127 /* Nimble.framework in Frameworks */,
			);
			runOnlyForDeploymentPostprocessing = 0;
		};
/* End PBXFrameworksBuildPhase section */

/* Begin PBXGroup section */
		973614E51A9C3743001D26CB = {
			isa = PBXGroup;
			children = (
				973614F01A9C3743001D26CB /* JackSwift */,
				9752A7451AE3517700720127 /* JackTest */,
				973614EF1A9C3743001D26CB /* Products */,
			);
			indentWidth = 2;
			sourceTree = "<group>";
			tabWidth = 2;
		};
		973614EF1A9C3743001D26CB /* Products */ = {
			isa = PBXGroup;
			children = (
				973614EE1A9C3743001D26CB /* Jack */,
				9752A7441AE3517700720127 /* JackTest.xctest */,
			);
			name = Products;
			sourceTree = "<group>";
		};
		973614F01A9C3743001D26CB /* JackSwift */ = {
			isa = PBXGroup;
			children = (
				97DC61161AE09B710051A587 /* VirtualMachine */,
				97DC61151AE09B670051A587 /* Extensions */,
				97DC61141AE09B580051A587 /* Assembler */,
				9718F2571ADE06D200E4B0FD /* Readme.mkd */,
				EC407A8D1A9C7785006FDDC0 /* Makefile */,
				973614F11A9C3743001D26CB /* main.swift */,
				9718F2581ADE072400E4B0FD /* Todo.mkd */,
			);
			path = JackSwift;
			sourceTree = "<group>";
		};
		9752A7451AE3517700720127 /* JackTest */ = {
			isa = PBXGroup;
			children = (
				9752A7481AE3517700720127 /* JackTest.swift */,
				9752A74D1AE3525C00720127 /* Nimble.framework */,
				9752A74E1AE3525C00720127 /* Quick.framework */,
				9752A7461AE3517700720127 /* Supporting Files */,
			);
			path = JackTest;
			sourceTree = "<group>";
		};
		9752A7461AE3517700720127 /* Supporting Files */ = {
			isa = PBXGroup;
			children = (
				9752A7471AE3517700720127 /* Info.plist */,
			);
			name = "Supporting Files";
			sourceTree = "<group>";
		};
		97DC61141AE09B580051A587 /* Assembler */ = {
			isa = PBXGroup;
			children = (
				EC13D2FA1A9D916600A70F63 /* AssemblyCommand.swift */,
				EC407A8B1A9C7678006FDDC0 /* AssemblyParser.swift */,
			);
			name = Assembler;
			sourceTree = "<group>";
		};
		97DC61151AE09B670051A587 /* Extensions */ = {
			isa = PBXGroup;
			children = (
				97DE8E261AC7E95600A0D251 /* Extensions.swift */,
			);
			name = Extensions;
			sourceTree = "<group>";
		};
		97DC61161AE09B710051A587 /* VirtualMachine */ = {
			isa = PBXGroup;
			children = (
				97DE8E281AC818F500A0D251 /* VirtualMachineParser.swift */,
				97DE8E2A1AC8191000A0D251 /* VirtualMachineCommand.swift */,
			);
			name = VirtualMachine;
			sourceTree = "<group>";
		};
/* End PBXGroup section */

/* Begin PBXNativeTarget section */
		973614ED1A9C3743001D26CB /* Jack */ = {
			isa = PBXNativeTarget;
			buildConfigurationList = 973614F51A9C3743001D26CB /* Build configuration list for PBXNativeTarget "Jack" */;
			buildPhases = (
				973614EA1A9C3743001D26CB /* Sources */,
				973614EB1A9C3743001D26CB /* Frameworks */,
				973614EC1A9C3743001D26CB /* CopyFiles */,
			);
			buildRules = (
			);
			dependencies = (
			);
			name = Jack;
			productName = Hack;
			productReference = 973614EE1A9C3743001D26CB /* Jack */;
			productType = "com.apple.product-type.tool";
		};
		9752A7431AE3517700720127 /* JackTest */ = {
			isa = PBXNativeTarget;
			buildConfigurationList = 9752A74C1AE3517700720127 /* Build configuration list for PBXNativeTarget "JackTest" */;
			buildPhases = (
				9752A7401AE3517700720127 /* Sources */,
				9752A7411AE3517700720127 /* Frameworks */,
				9752A7421AE3517700720127 /* Resources */,
				9752A7511AE3542200720127 /* CopyFiles */,
			);
			buildRules = (
			);
			dependencies = (
			);
			name = JackTest;
			productName = JackTest;
			productReference = 9752A7441AE3517700720127 /* JackTest.xctest */;
			productType = "com.apple.product-type.bundle.unit-test";
		};
/* End PBXNativeTarget section */

/* Begin PBXProject section */
		973614E61A9C3743001D26CB /* Project object */ = {
			isa = PBXProject;
			attributes = {
				LastUpgradeCheck = 0610;
				ORGANIZATIONNAME = "Robert Gravina";
				TargetAttributes = {
					973614ED1A9C3743001D26CB = {
						CreatedOnToolsVersion = 6.1.1;
					};
					9752A7431AE3517700720127 = {
						CreatedOnToolsVersion = 6.3;
					};
				};
			};
			buildConfigurationList = 973614E91A9C3743001D26CB /* Build configuration list for PBXProject "JackSwift" */;
			compatibilityVersion = "Xcode 3.2";
			developmentRegion = English;
			hasScannedForEncodings = 0;
			knownRegions = (
				en,
			);
			mainGroup = 973614E51A9C3743001D26CB;
			productRefGroup = 973614EF1A9C3743001D26CB /* Products */;
			projectDirPath = "";
			projectRoot = "";
			targets = (
				973614ED1A9C3743001D26CB /* Jack */,
				9752A7431AE3517700720127 /* JackTest */,
			);
		};
/* End PBXProject section */

/* Begin PBXResourcesBuildPhase section */
		9752A7421AE3517700720127 /* Resources */ = {
			isa = PBXResourcesBuildPhase;
			buildActionMask = 2147483647;
			files = (
			);
			runOnlyForDeploymentPostprocessing = 0;
		};
/* End PBXResourcesBuildPhase section */

/* Begin PBXSourcesBuildPhase section */
		973614EA1A9C3743001D26CB /* Sources */ = {
			isa = PBXSourcesBuildPhase;
			buildActionMask = 2147483647;
			files = (
				EC407A8C1A9C7678006FDDC0 /* AssemblyParser.swift in Sources */,
				973614F21A9C3743001D26CB /* main.swift in Sources */,
				97DE8E291AC818F500A0D251 /* VirtualMachineParser.swift in Sources */,
				EC13D2FB1A9D916600A70F63 /* AssemblyCommand.swift in Sources */,
				97DE8E271AC7E95600A0D251 /* Extensions.swift in Sources */,
				97DE8E2B1AC8191000A0D251 /* VirtualMachineCommand.swift in Sources */,
			);
			runOnlyForDeploymentPostprocessing = 0;
		};
		9752A7401AE3517700720127 /* Sources */ = {
			isa = PBXSourcesBuildPhase;
			buildActionMask = 2147483647;
			files = (
				9752A7491AE3517700720127 /* JackTest.swift in Sources */,
			);
			runOnlyForDeploymentPostprocessing = 0;
		};
/* End PBXSourcesBuildPhase section */

/* Begin XCBuildConfiguration section */
		973614F31A9C3743001D26CB /* Debug */ = {
			isa = XCBuildConfiguration;
			buildSettings = {
				ALWAYS_SEARCH_USER_PATHS = NO;
				CLANG_CXX_LANGUAGE_STANDARD = "gnu++0x";
				CLANG_CXX_LIBRARY = "libc++";
				CLANG_ENABLE_MODULES = YES;
				CLANG_ENABLE_OBJC_ARC = YES;
				CLANG_WARN_BOOL_CONVERSION = YES;
				CLANG_WARN_CONSTANT_CONVERSION = YES;
				CLANG_WARN_DIRECT_OBJC_ISA_USAGE = YES_ERROR;
				CLANG_WARN_EMPTY_BODY = YES;
				CLANG_WARN_ENUM_CONVERSION = YES;
				CLANG_WARN_INT_CONVERSION = YES;
				CLANG_WARN_OBJC_ROOT_CLASS = YES_ERROR;
				CLANG_WARN_UNREACHABLE_CODE = YES;
				CLANG_WARN__DUPLICATE_METHOD_MATCH = YES;
				COPY_PHASE_STRIP = NO;
				ENABLE_STRICT_OBJC_MSGSEND = YES;
				GCC_C_LANGUAGE_STANDARD = gnu99;
				GCC_DYNAMIC_NO_PIC = NO;
				GCC_OPTIMIZATION_LEVEL = 0;
				GCC_PREPROCESSOR_DEFINITIONS = (
					"DEBUG=1",
					"$(inherited)",
				);
				GCC_SYMBOLS_PRIVATE_EXTERN = NO;
				GCC_WARN_64_TO_32_BIT_CONVERSION = YES;
				GCC_WARN_ABOUT_RETURN_TYPE = YES_ERROR;
				GCC_WARN_UNDECLARED_SELECTOR = YES;
				GCC_WARN_UNINITIALIZED_AUTOS = YES_AGGRESSIVE;
				GCC_WARN_UNUSED_FUNCTION = YES;
				GCC_WARN_UNUSED_VARIABLE = YES;
				MACOSX_DEPLOYMENT_TARGET = 10.10;
				MTL_ENABLE_DEBUG_INFO = YES;
				ONLY_ACTIVE_ARCH = YES;
				SDKROOT = macosx;
				SWIFT_OPTIMIZATION_LEVEL = "-Onone";
			};
			name = Debug;
		};
		973614F41A9C3743001D26CB /* Release */ = {
			isa = XCBuildConfiguration;
			buildSettings = {
				ALWAYS_SEARCH_USER_PATHS = NO;
				CLANG_CXX_LANGUAGE_STANDARD = "gnu++0x";
				CLANG_CXX_LIBRARY = "libc++";
				CLANG_ENABLE_MODULES = YES;
				CLANG_ENABLE_OBJC_ARC = YES;
				CLANG_WARN_BOOL_CONVERSION = YES;
				CLANG_WARN_CONSTANT_CONVERSION = YES;
				CLANG_WARN_DIRECT_OBJC_ISA_USAGE = YES_ERROR;
				CLANG_WARN_EMPTY_BODY = YES;
				CLANG_WARN_ENUM_CONVERSION = YES;
				CLANG_WARN_INT_CONVERSION = YES;
				CLANG_WARN_OBJC_ROOT_CLASS = YES_ERROR;
				CLANG_WARN_UNREACHABLE_CODE = YES;
				CLANG_WARN__DUPLICATE_METHOD_MATCH = YES;
				COPY_PHASE_STRIP = YES;
				DEBUG_INFORMATION_FORMAT = "dwarf-with-dsym";
				ENABLE_NS_ASSERTIONS = NO;
				ENABLE_STRICT_OBJC_MSGSEND = YES;
				GCC_C_LANGUAGE_STANDARD = gnu99;
				GCC_WARN_64_TO_32_BIT_CONVERSION = YES;
				GCC_WARN_ABOUT_RETURN_TYPE = YES_ERROR;
				GCC_WARN_UNDECLARED_SELECTOR = YES;
				GCC_WARN_UNINITIALIZED_AUTOS = YES_AGGRESSIVE;
				GCC_WARN_UNUSED_FUNCTION = YES;
				GCC_WARN_UNUSED_VARIABLE = YES;
				MACOSX_DEPLOYMENT_TARGET = 10.10;
				MTL_ENABLE_DEBUG_INFO = NO;
				SDKROOT = macosx;
			};
			name = Release;
		};
		973614F61A9C3743001D26CB /* Debug */ = {
			isa = XCBuildConfiguration;
			buildSettings = {
				PRODUCT_NAME = "$(TARGET_NAME)";
			};
			name = Debug;
		};
		973614F71A9C3743001D26CB /* Release */ = {
			isa = XCBuildConfiguration;
			buildSettings = {
				PRODUCT_NAME = "$(TARGET_NAME)";
			};
			name = Release;
		};
		9752A74A1AE3517700720127 /* Debug */ = {
			isa = XCBuildConfiguration;
			buildSettings = {
				COMBINE_HIDPI_IMAGES = YES;
				DEBUG_INFORMATION_FORMAT = dwarf;
				FRAMEWORK_SEARCH_PATHS = (
					"$(DEVELOPER_FRAMEWORKS_DIR)",
					"$(inherited)",
					"$(PROJECT_DIR)/JackTest",
				);
				GCC_NO_COMMON_BLOCKS = YES;
				GCC_PREPROCESSOR_DEFINITIONS = (
					"DEBUG=1",
					"$(inherited)",
				);
				INFOPLIST_FILE = JackTest/Info.plist;
				LD_RUNPATH_SEARCH_PATHS = "$(inherited) @executable_path/../Frameworks @loader_path/../Frameworks";
				PRODUCT_NAME = "$(TARGET_NAME)";
			};
			name = Debug;
		};
		9752A74B1AE3517700720127 /* Release */ = {
			isa = XCBuildConfiguration;
			buildSettings = {
				COMBINE_HIDPI_IMAGES = YES;
				COPY_PHASE_STRIP = NO;
				FRAMEWORK_SEARCH_PATHS = (
					"$(DEVELOPER_FRAMEWORKS_DIR)",
					"$(inherited)",
					"$(PROJECT_DIR)/JackTest",
				);
				GCC_NO_COMMON_BLOCKS = YES;
				INFOPLIST_FILE = JackTest/Info.plist;
				LD_RUNPATH_SEARCH_PATHS = "$(inherited) @executable_path/../Frameworks @loader_path/../Frameworks";
				PRODUCT_NAME = "$(TARGET_NAME)";
			};
			name = Release;
		};
/* End XCBuildConfiguration section */

/* Begin XCConfigurationList section */
		973614E91A9C3743001D26CB /* Build configuration list for PBXProject "JackSwift" */ = {
			isa = XCConfigurationList;
			buildConfigurations = (
				973614F31A9C3743001D26CB /* Debug */,
				973614F41A9C3743001D26CB /* Release */,
			);
			defaultConfigurationIsVisible = 0;
			defaultConfigurationName = Release;
		};
		973614F51A9C3743001D26CB /* Build configuration list for PBXNativeTarget "Jack" */ = {
			isa = XCConfigurationList;
			buildConfigurations = (
				973614F61A9C3743001D26CB /* Debug */,
				973614F71A9C3743001D26CB /* Release */,
			);
			defaultConfigurationIsVisible = 0;
			defaultConfigurationName = Release;
		};
		9752A74C1AE3517700720127 /* Build configuration list for PBXNativeTarget "JackTest" */ = {
			isa = XCConfigurationList;
			buildConfigurations = (
				9752A74A1AE3517700720127 /* Debug */,
				9752A74B1AE3517700720127 /* Release */,
			);
			defaultConfigurationIsVisible = 0;
		};
/* End XCConfigurationList section */
	};
	rootObject = 973614E61A9C3743001D26CB /* Project object */;
}
